
Microsoft Visual Studio Solution File, Format Version 12.00
# Visual Studio Version 17
VisualStudioVersion = 17.1.32414.318
MinimumVisualStudioVersion = 10.0.40219.1
Project("{9A19103F-16F7-4668-BE54-9A1E7A4F7556}") = "MailServer", "ssmtp\MailServer.csproj", "{28320159-E62E-4133-9678-76679B5D8E2B}"
EndProject
Global
	GlobalSection(SolutionConfigurationPlatforms) = preSolution
		Debug|Any CPU = Debug|Any CPU
		Release|Any CPU = Release|Any CPU
	EndGlobalSection
	GlobalSection(ProjectConfigurationPlatforms) = postSolution
		{28320159-E62E-4133-9678-76679B5D8E2B}.Debug|Any CPU.ActiveCfg = Debug|Any CPU
		{28320159-E62E-4133-9678-76679B5D8E2B}.Debug|Any CPU.Build.0 = Debug|Any CPU
		{28320159-E62E-4133-9678-76679B5D8E2B}.Release|Any CPU.ActiveCfg = Release|Any CPU
		{28320159-E62E-4133-9678-76679B5D8E2B}.Release|Any CPU.Build.0 = Release|Any CPU
	EndGlobalSection
	GlobalSection(SolutionProperties) = preSolution
		HideSolutionNode = FALSE
	EndGlobalSection
	GlobalSection(ExtensibilityGlobals) = postSolution
		SolutionGuid = {6B087027-ADD2-41AC-B795-5A9A3F25BF20}
	EndGlobalSection
EndGlobal
